// !$*UTF8*$!
{
	archiveVersion = 1;
	classes = {
	};
	objectVersion = 46;
	objects = {

/* Begin PBXBuildFile section */
		4563B8301B60DB9000A2D740 /* main.m in Sources */ = {isa = PBXBuildFile; fileRef = 4563B82F1B60DB9000A2D740 /* main.m */; };
		4563B8331B60DB9000A2D740 /* AppDelegate.m in Sources */ = {isa = PBXBuildFile; fileRef = 4563B8321B60DB9000A2D740 /* AppDelegate.m */; };
		4563B8361B60DB9000A2D740 /* ViewController.m in Sources */ = {isa = PBXBuildFile; fileRef = 4563B8351B60DB9000A2D740 /* ViewController.m */; };
		4563B8391B60DB9000A2D740 /* Main.storyboard in Resources */ = {isa = PBXBuildFile; fileRef = 4563B8371B60DB9000A2D740 /* Main.storyboard */; };
		4563B83B1B60DB9000A2D740 /* Images.xcassets in Resources */ = {isa = PBXBuildFile; fileRef = 4563B83A1B60DB9000A2D740 /* Images.xcassets */; };
		4563B83E1B60DB9000A2D740 /* LaunchScreen.xib in Resources */ = {isa = PBXBuildFile; fileRef = 4563B83C1B60DB9000A2D740 /* LaunchScreen.xib */; };
		4563B84A1B60DB9000A2D740 /* RocketTests.m in Sources */ = {isa = PBXBuildFile; fileRef = 4563B8491B60DB9000A2D740 /* RocketTests.m */; };
/* End PBXBuildFile section */

/* Begin PBXContainerItemProxy section */
		4563B8441B60DB9000A2D740 /* PBXContainerItemProxy */ = {
			isa = PBXContainerItemProxy;
			containerPortal = 4563B8221B60DB9000A2D740 /* Project object */;
			proxyType = 1;
			remoteGlobalIDString = 4563B8291B60DB9000A2D740;
			remoteInfo = Rocket;
		};
/* End PBXContainerItemProxy section */

/* Begin PBXFileReference section */
		4563B82A1B60DB9000A2D740 /* Rocket.app */ = {isa = PBXFileReference; explicitFileType = wrapper.application; includeInIndex = 0; path = Rocket.app; sourceTree = BUILT_PRODUCTS_DIR; };
		4563B82E1B60DB9000A2D740 /* Info.plist */ = {isa = PBXFileReference; lastKnownFileType = text.plist.xml; path = Info.plist; sourceTree = "<group>"; };
		4563B82F1B60DB9000A2D740 /* main.m */ = {isa = PBXFileReference; lastKnownFileType = sourcecode.c.objc; path = main.m; sourceTree = "<group>"; };
		4563B8311B60DB9000A2D740 /* AppDelegate.h */ = {isa = PBXFileReference; lastKnownFileType = sourcecode.c.h; path = AppDelegate.h; sourceTree = "<group>"; };
		4563B8321B60DB9000A2D740 /* AppDelegate.m */ = {isa = PBXFileReference; lastKnownFileType = sourcecode.c.objc; path = AppDelegate.m; sourceTree = "<group>"; };
		4563B8341B60DB9000A2D740 /* ViewController.h */ = {isa = PBXFileReference; lastKnownFileType = sourcecode.c.h; path = ViewController.h; sourceTree = "<group>"; };
		4563B8351B60DB9000A2D740 /* ViewController.m */ = {isa = PBXFileReference; lastKnownFileType = sourcecode.c.objc; path = ViewController.m; sourceTree = "<group>"; };
		4563B8381B60DB9000A2D740 /* Base */ = {isa = PBXFileReference; lastKnownFileType = file.storyboard; name = Base; path = Base.lproj/Main.storyboard; sourceTree = "<group>"; };
		4563B83A1B60DB9000A2D740 /* Images.xcassets */ = {isa = PBXFileReference; lastKnownFileType = folder.assetcatalog; path = Images.xcassets; sourceTree = "<group>"; };
		4563B83D1B60DB9000A2D740 /* Base */ = {isa = PBXFileReference; lastKnownFileType = file.xib; name = Base; path = Base.lproj/LaunchScreen.xib; sourceTree = "<group>"; };
		4563B8431B60DB9000A2D740 /* RocketTests.xctest */ = {isa = PBXFileReference; explicitFileType = wrapper.cfbundle; includeInIndex = 0; path = RocketTests.xctest; sourceTree = BUILT_PRODUCTS_DIR; };
		4563B8481B60DB9000A2D740 /* Info.plist */ = {isa = PBXFileReference; lastKnownFileType = text.plist.xml; path = Info.plist; sourceTree = "<group>"; };
		4563B8491B60DB9000A2D740 /* RocketTests.m */ = {isa = PBXFileReference; lastKnownFileType = sourcecode.c.objc; path = RocketTests.m; sourceTree = "<group>"; };
/* End PBXFileReference section */

/* Begin PBXFrameworksBuildPhase section */
		4563B8271B60DB9000A2D740 /* Frameworks */ = {
			isa = PBXFrameworksBuildPhase;
			buildActionMask = 2147483647;
			files = (
			);
			runOnlyForDeploymentPostprocessing = 0;
		};
		4563B8401B60DB9000A2D740 /* Frameworks */ = {
			isa = PBXFrameworksBuildPhase;
			buildActionMask = 2147483647;
			files = (
			);
			runOnlyForDeploymentPostprocessing = 0;
		};
/* End PBXFrameworksBuildPhase section */

/* Begin PBXGroup section */
		4563B8211B60DB9000A2D740 = {
			isa = PBXGroup;
			children = (
				4563B82C1B60DB9000A2D740 /* Rocket */,
				4563B8461B60DB9000A2D740 /* RocketTests */,
				4563B82B1B60DB9000A2D740 /* Products */,
			);
			sourceTree = "<group>";
		};
		4563B82B1B60DB9000A2D740 /* Products */ = {
			isa = PBXGroup;
			children = (
				4563B82A1B60DB9000A2D740 /* Rocket.app */,
				4563B8431B60DB9000A2D740 /* RocketTests.xctest */,
			);
			name = Products;
			sourceTree = "<group>";
		};
		4563B82C1B60DB9000A2D740 /* Rocket */ = {
			isa = PBXGroup;
			children = (
				4563B8311B60DB9000A2D740 /* AppDelegate.h */,
				4563B8321B60DB9000A2D740 /* AppDelegate.m */,
				4563B8341B60DB9000A2D740 /* ViewController.h */,
				4563B8351B60DB9000A2D740 /* ViewController.m */,
				4563B8371B60DB9000A2D740 /* Main.storyboard */,
				4563B83A1B60DB9000A2D740 /* Images.xcassets */,
				4563B83C1B60DB9000A2D740 /* LaunchScreen.xib */,
				4563B82D1B60DB9000A2D740 /* Supporting Files */,
			);
			path = Rocket;
			sourceTree = "<group>";
		};
		4563B82D1B60DB9000A2D740 /* Supporting Files */ = {
			isa = PBXGroup;
			children = (
				4563B82E1B60DB9000A2D740 /* Info.plist */,
				4563B82F1B60DB9000A2D740 /* main.m */,
			);
			name = "Supporting Files";
			sourceTree = "<group>";
		};
		4563B8461B60DB9000A2D740 /* RocketTests */ = {
			isa = PBXGroup;
			children = (
				4563B8491B60DB9000A2D740 /* RocketTests.m */,
				4563B8471B60DB9000A2D740 /* Supporting Files */,
			);
			path = RocketTests;
			sourceTree = "<group>";
		};
		4563B8471B60DB9000A2D740 /* Supporting Files */ = {
			isa = PBXGroup;
			children = (
				4563B8481B60DB9000A2D740 /* Info.plist */,
			);
			name = "Supporting Files";
			sourceTree = "<group>";
		};
/* End PBXGroup section */

/* Begin PBXNativeTarget section */
		4563B8291B60DB9000A2D740 /* Rocket */ = {
			isa = PBXNativeTarget;
			buildConfigurationList = 4563B84D1B60DB9000A2D740 /* Build configuration list for PBXNativeTarget "Rocket" */;
			buildPhases = (
				4563B8261B60DB9000A2D740 /* Sources */,
				4563B8271B60DB9000A2D740 /* Frameworks */,
				4563B8281B60DB9000A2D740 /* Resources */,
			);
			buildRules = (
			);
			dependencies = (
			);
			name = Rocket;
			productName = Rocket;
			productReference = 4563B82A1B60DB9000A2D740 /* Rocket.app */;
			productType = "com.apple.product-type.application";
		};
		4563B8421B60DB9000A2D740 /* RocketTests */ = {
			isa = PBXNativeTarget;
			buildConfigurationList = 4563B8501B60DB9000A2D740 /* Build configuration list for PBXNativeTarget "RocketTests" */;
			buildPhases = (
				4563B83F1B60DB9000A2D740 /* Sources */,
				4563B8401B60DB9000A2D740 /* Frameworks */,
				4563B8411B60DB9000A2D740 /* Resources */,
			);
			buildRules = (
			);
			dependencies = (
				4563B8451B60DB9000A2D740 /* PBXTargetDependency */,
			);
			name = RocketTests;
			productName = RocketTests;
			productReference = 4563B8431B60DB9000A2D740 /* RocketTests.xctest */;
			productType = "com.apple.product-type.bundle.unit-test";
		};
/* End PBXNativeTarget section */

/* Begin PBXProject section */
		4563B8221B60DB9000A2D740 /* Project object */ = {
			isa = PBXProject;
			attributes = {
				LastUpgradeCheck = 0640;
				ORGANIZATIONNAME = Bankwel;
				TargetAttributes = {
					4563B8291B60DB9000A2D740 = {
						CreatedOnToolsVersion = 6.4;
					};
					4563B8421B60DB9000A2D740 = {
						CreatedOnToolsVersion = 6.4;
						TestTargetID = 4563B8291B60DB9000A2D740;
					};
				};
			};
			buildConfigurationList = 4563B8251B60DB9000A2D740 /* Build configuration list for PBXProject "Rocket" */;
			compatibilityVersion = "Xcode 3.2";
			developmentRegion = English;
			hasScannedForEncodings = 0;
			knownRegions = (
				en,
				Base,
			);
			mainGroup = 4563B8211B60DB9000A2D740;
			productRefGroup = 4563B82B1B60DB9000A2D740 /* Products */;
			projectDirPath = "";
			projectRoot = "";
			targets = (
				4563B8291B60DB9000A2D740 /* Rocket */,
				4563B8421B60DB9000A2D740 /* RocketTests */,
			);
		};
/* End PBXProject section */

/* Begin PBXResourcesBuildPhase section */
		4563B8281B60DB9000A2D740 /* Resources */ = {
			isa = PBXResourcesBuildPhase;
			buildActionMask = 2147483647;
			files = (
				4563B8391B60DB9000A2D740 /* Main.storyboard in Resources */,
				4563B83E1B60DB9000A2D740 /* LaunchScreen.xib in Resources */,
				4563B83B1B60DB9000A2D740 /* Images.xcassets in Resources */,
			);
			runOnlyForDeploymentPostprocessing = 0;
		};
		4563B8411B60DB9000A2D740 /* Resources */ = {
			isa = PBXResourcesBuildPhase;
			buildActionMask = 2147483647;
			files = (
			);
			runOnlyForDeploymentPostprocessing = 0;
		};
/* End PBXResourcesBuildPhase section */

/* Begin PBXSourcesBuildPhase section */
		4563B8261B60DB9000A2D740 /* Sources */ = {
			isa = PBXSourcesBuildPhase;
			buildActionMask = 2147483647;
			files = (
				4563B8361B60DB9000A2D740 /* ViewController.m in Sources */,
				4563B8331B60DB9000A2D740 /* AppDelegate.m in Sources */,
				4563B8301B60DB9000A2D740 /* main.m in Sources */,
			);
			runOnlyForDeploymentPostprocessing = 0;
		};
		4563B83F1B60DB9000A2D740 /* Sources */ = {
			isa = PBXSourcesBuildPhase;
			buildActionMask = 2147483647;
			files = (
				4563B84A1B60DB9000A2D740 /* RocketTests.m in Sources */,
			);
			runOnlyForDeploymentPostprocessing = 0;
		};
/* End PBXSourcesBuildPhase section */

/* Begin PBXTargetDependency section */
		4563B8451B60DB9000A2D740 /* PBXTargetDependency */ = {
			isa = PBXTargetDependency;
			target = 4563B8291B60DB9000A2D740 /* Rocket */;
			targetProxy = 4563B8441B60DB9000A2D740 /* PBXContainerItemProxy */;
		};
/* End PBXTargetDependency section */

/* Begin PBXVariantGroup section */
		4563B8371B60DB9000A2D740 /* Main.storyboard */ = {
			isa = PBXVariantGroup;
			children = (
				4563B8381B60DB9000A2D740 /* Base */,
			);
			name = Main.storyboard;
			sourceTree = "<group>";
		};
		4563B83C1B60DB9000A2D740 /* LaunchScreen.xib */ = {
			isa = PBXVariantGroup;
			children = (
				4563B83D1B60DB9000A2D740 /* Base */,
			);
			name = LaunchScreen.xib;
			sourceTree = "<group>";
		};
/* End PBXVariantGroup section */

/* Begin XCBuildConfiguration section */
		4563B84B1B60DB9000A2D740 /* Debug */ = {
			isa = XCBuildConfiguration;
			buildSettings = {
				ALWAYS_SEARCH_USER_PATHS = NO;
				CLANG_CXX_LANGUAGE_STANDARD = "gnu++0x";
				CLANG_CXX_LIBRARY = "libc++";
				CLANG_ENABLE_MODULES = YES;
				CLANG_ENABLE_OBJC_ARC = YES;
				CLANG_WARN_BOOL_CONVERSION = YES;
				CLANG_WARN_CONSTANT_CONVERSION = YES;
				CLANG_WARN_DIRECT_OBJC_ISA_USAGE = YES_ERROR;
				CLANG_WARN_EMPTY_BODY = YES;
				CLANG_WARN_ENUM_CONVERSION = YES;
				CLANG_WARN_INT_CONVERSION = YES;
				CLANG_WARN_OBJC_ROOT_CLASS = YES_ERROR;
				CLANG_WARN_UNREACHABLE_CODE = YES;
				CLANG_WARN__DUPLICATE_METHOD_MATCH = YES;
				"CODE_SIGN_IDENTITY[sdk=iphoneos*]" = "iPhone Developer";
				COPY_PHASE_STRIP = NO;
				DEBUG_INFORMATION_FORMAT = "dwarf-with-dsym";
				ENABLE_STRICT_OBJC_MSGSEND = YES;
				GCC_C_LANGUAGE_STANDARD = gnu99;
				GCC_DYNAMIC_NO_PIC = NO;
				GCC_NO_COMMON_BLOCKS = YES;
				GCC_OPTIMIZATION_LEVEL = 0;
				GCC_PREPROCESSOR_DEFINITIONS = (
					"DEBUG=1",
					"$(inherited)",
				);
				GCC_SYMBOLS_PRIVATE_EXTERN = NO;
				GCC_WARN_64_TO_32_BIT_CONVERSION = YES;
				GCC_WARN_ABOUT_RETURN_TYPE = YES_ERROR;
				GCC_WARN_UNDECLARED_SELECTOR = YES;
				GCC_WARN_UNINITIALIZED_AUTOS = YES_AGGRESSIVE;
				GCC_WARN_UNUSED_FUNCTION = YES;
				GCC_WARN_UNUSED_VARIABLE = YES;
				IPHONEOS_DEPLOYMENT_TARGET = 8.4;
				MTL_ENABLE_DEBUG_INFO = YES;
				ONLY_ACTIVE_ARCH = YES;
				SDKROOT = iphoneos;
				TARGETED_DEVICE_FAMILY = "1,2";
			};
			name = Debug;
		};
		4563B84C1B60DB9000A2D740 /* Release */ = {
			isa = XCBuildConfiguration;
			buildSettings = {
				ALWAYS_SEARCH_USER_PATHS = NO;
				CLANG_CXX_LANGUAGE_STANDARD = "gnu++0x";
				CLANG_CXX_LIBRARY = "libc++";
				CLANG_ENABLE_MODULES = YES;
				CLANG_ENABLE_OBJC_ARC = YES;
				CLANG_WARN_BOOL_CONVERSION = YES;
				CLANG_WARN_CONSTANT_CONVERSION = YES;
				CLANG_WARN_DIRECT_OBJC_ISA_USAGE = YES_ERROR;
				CLANG_WARN_EMPTY_BODY = YES;
				CLANG_WARN_ENUM_CONVERSION = YES;
				CLANG_WARN_INT_CONVERSION = YES;
				CLANG_WARN_OBJC_ROOT_CLASS = YES_ERROR;
				CLANG_WARN_UNREACHABLE_CODE = YES;
				CLANG_WARN__DUPLICATE_METHOD_MATCH = YES;
				"CODE_SIGN_IDENTITY[sdk=iphoneos*]" = "iPhone Developer";
				COPY_PHASE_STRIP = NO;
				DEBUG_INFORMATION_FORMAT = "dwarf-with-dsym";
				ENABLE_NS_ASSERTIONS = NO;
				ENABLE_STRICT_OBJC_MSGSEND = YES;
				GCC_C_LANGUAGE_STANDARD = gnu99;
				GCC_NO_COMMON_BLOCKS = YES;
				GCC_WARN_64_TO_32_BIT_CONVERSION = YES;
				GCC_WARN_ABOUT_RETURN_TYPE = YES_ERROR;
				GCC_WARN_UNDECLARED_SELECTOR = YES;
				GCC_WARN_UNINITIALIZED_AUTOS = YES_AGGRESSIVE;
				GCC_WARN_UNUSED_FUNCTION = YES;
				GCC_WARN_UNUSED_VARIABLE = YES;
				IPHONEOS_DEPLOYMENT_TARGET = 8.4;
				MTL_ENABLE_DEBUG_INFO = NO;
				SDKROOT = iphoneos;
				TARGETED_DEVICE_FAMILY = "1,2";
				VALIDATE_PRODUCT = YES;
			};
			name = Release;
		};
		4563B84E1B60DB9000A2D740 /* Debug */ = {
			isa = XCBuildConfiguration;
			buildSettings = {
				ASSETCATALOG_COMPILER_APPICON_NAME = AppIcon;
				INFOPLIST_FILE = Rocket/Info.plist;
				LD_RUNPATH_SEARCH_PATHS = "$(inherited) @executable_path/Frameworks";
				PRODUCT_NAME = "$(TARGET_NAME)";
			};
			name = Debug;
		};
		4563B84F1B60DB9000A2D740 /* Release */ = {
			isa = XCBuildConfiguration;
			buildSettings = {
				ASSETCATALOG_COMPILER_APPICON_NAME = AppIcon;
				INFOPLIST_FILE = Rocket/Info.plist;
				LD_RUNPATH_SEARCH_PATHS = "$(inherited) @executable_path/Frameworks";
				PRODUCT_NAME = "$(TARGET_NAME)";
			};
			name = Release;
		};
		4563B8511B60DB9000A2D740 /* Debug */ = {
			isa = XCBuildConfiguration;
			buildSettings = {
				BUNDLE_LOADER = "$(TEST_HOST)";
				FRAMEWORK_SEARCH_PATHS = (
					"$(SDKROOT)/Developer/Library/Frameworks",
					"$(inherited)",
				);
				GCC_PREPROCESSOR_DEFINITIONS = (
					"DEBUG=1",
					"$(inherited)",
				);
				INFOPLIST_FILE = RocketTests/Info.plist;
				LD_RUNPATH_SEARCH_PATHS = "$(inherited) @executable_path/Frameworks @loader_path/Frameworks";
				PRODUCT_NAME = "$(TARGET_NAME)";
				TEST_HOST = "$(BUILT_PRODUCTS_DIR)/Rocket.app/Rocket";
			};
			name = Debug;
		};
		4563B8521B60DB9000A2D740 /* Release */ = {
			isa = XCBuildConfiguration;
			buildSettings = {
				BUNDLE_LOADER = "$(TEST_HOST)";
				FRAMEWORK_SEARCH_PATHS = (
					"$(SDKROOT)/Developer/Library/Frameworks",
					"$(inherited)",
				);
				INFOPLIST_FILE = RocketTests/Info.plist;
				LD_RUNPATH_SEARCH_PATHS = "$(inherited) @executable_path/Frameworks @loader_path/Frameworks";
				PRODUCT_NAME = "$(TARGET_NAME)";
				TEST_HOST = "$(BUILT_PRODUCTS_DIR)/Rocket.app/Rocket";
			};
			name = Release;
		};
/* End XCBuildConfiguration section */

/* Begin XCConfigurationList section */
		4563B8251B60DB9000A2D740 /* Build configuration list for PBXProject "Rocket" */ = {
			isa = XCConfigurationList;
			buildConfigurations = (
				4563B84B1B60DB9000A2D740 /* Debug */,
				4563B84C1B60DB9000A2D740 /* Release */,
			);
			defaultConfigurationIsVisible = 0;
			defaultConfigurationName = Release;
		};
		4563B84D1B60DB9000A2D740 /* Build configuration list for PBXNativeTarget "Rocket" */ = {
			isa = XCConfigurationList;
			buildConfigurations = (
				4563B84E1B60DB9000A2D740 /* Debug */,
				4563B84F1B60DB9000A2D740 /* Release */,
			);
			defaultConfigurationIsVisible = 0;
		};
		4563B8501B60DB9000A2D740 /* Build configuration list for PBXNativeTarget "RocketTests" */ = {
			isa = XCConfigurationList;
			buildConfigurations = (
				4563B8511B60DB9000A2D740 /* Debug */,
				4563B8521B60DB9000A2D740 /* Release */,
			);
			defaultConfigurationIsVisible = 0;
		};
/* End XCConfigurationList section */
	};
	rootObject = 4563B8221B60DB9000A2D740 /* Project object */;
}
